
Microsoft Visual Studio Solution File, Format Version 12.00
# Visual Studio 2012
Project("{FAE04EC0-301F-11D3-BF4B-00C04F79EFBC}") = "Basics", "Basics\Basics.csproj", "{5BF1345B-6FE6-4CAB-BB55-FC8BE9CF76FD}"
EndProject
Project("{FAE04EC0-301F-11D3-BF4B-00C04F79EFBC}") = "Basics.iOS", "iOS\Basics.iOS.csproj", "{0F6826AE-1DAD-4938-8CBA-D92DE732539A}"
EndProject
Project("{FAE04EC0-301F-11D3-BF4B-00C04F79EFBC}") = "Basics.Droid", "Droid\Basics.Droid.csproj", "{DE954AFC-085D-41DA-A359-0AE9DE47A609}"
EndProject
Global
	GlobalSection(SolutionConfigurationPlatforms) = preSolution
		Debug|Any CPU = Debug|Any CPU
		Release|Any CPU = Release|Any CPU
		Debug|iPhoneSimulator = Debug|iPhoneSimulator
		Release|iPhone = Release|iPhone
		Release|iPhoneSimulator = Release|iPhoneSimulator
		Debug|iPhone = Debug|iPhone
	EndGlobalSection
	GlobalSection(ProjectConfigurationPlatforms) = postSolution
		{5BF1345B-6FE6-4CAB-BB55-FC8BE9CF76FD}.Debug|Any CPU.ActiveCfg = Debug|Any CPU
		{5BF1345B-6FE6-4CAB-BB55-FC8BE9CF76FD}.Debug|Any CPU.Build.0 = Debug|Any CPU
		{5BF1345B-6FE6-4CAB-BB55-FC8BE9CF76FD}.Release|Any CPU.ActiveCfg = Release|Any CPU
		{5BF1345B-6FE6-4CAB-BB55-FC8BE9CF76FD}.Release|Any CPU.Build.0 = Release|Any CPU
		{5BF1345B-6FE6-4CAB-BB55-FC8BE9CF76FD}.Debug|iPhoneSimulator.ActiveCfg = Debug|Any CPU
		{5BF1345B-6FE6-4CAB-BB55-FC8BE9CF76FD}.Debug|iPhoneSimulator.Build.0 = Debug|Any CPU
		{5BF1345B-6FE6-4CAB-BB55-FC8BE9CF76FD}.Release|iPhone.ActiveCfg = Release|Any CPU
		{5BF1345B-6FE6-4CAB-BB55-FC8BE9CF76FD}.Release|iPhone.Build.0 = Release|Any CPU
		{5BF1345B-6FE6-4CAB-BB55-FC8BE9CF76FD}.Release|iPhoneSimulator.ActiveCfg = Release|Any CPU
		{5BF1345B-6FE6-4CAB-BB55-FC8BE9CF76FD}.Release|iPhoneSimulator.Build.0 = Release|Any CPU
		{5BF1345B-6FE6-4CAB-BB55-FC8BE9CF76FD}.Debug|iPhone.ActiveCfg = Debug|Any CPU
		{5BF1345B-6FE6-4CAB-BB55-FC8BE9CF76FD}.Debug|iPhone.Build.0 = Debug|Any CPU
		{0F6826AE-1DAD-4938-8CBA-D92DE732539A}.Debug|Any CPU.ActiveCfg = Debug|iPhoneSimulator
		{0F6826AE-1DAD-4938-8CBA-D92DE732539A}.Debug|Any CPU.Build.0 = Debug|iPhoneSimulator
		{0F6826AE-1DAD-4938-8CBA-D92DE732539A}.Release|Any CPU.ActiveCfg = Release|iPhone
		{0F6826AE-1DAD-4938-8CBA-D92DE732539A}.Release|Any CPU.Build.0 = Release|iPhone
		{0F6826AE-1DAD-4938-8CBA-D92DE732539A}.Debug|iPhoneSimulator.ActiveCfg = Debug|iPhoneSimulator
		{0F6826AE-1DAD-4938-8CBA-D92DE732539A}.Debug|iPhoneSimulator.Build.0 = Debug|iPhoneSimulator
		{0F6826AE-1DAD-4938-8CBA-D92DE732539A}.Release|iPhone.ActiveCfg = Release|iPhone
		{0F6826AE-1DAD-4938-8CBA-D92DE732539A}.Release|iPhone.Build.0 = Release|iPhone
		{0F6826AE-1DAD-4938-8CBA-D92DE732539A}.Release|iPhoneSimulator.ActiveCfg = Release|iPhoneSimulator
		{0F6826AE-1DAD-4938-8CBA-D92DE732539A}.Release|iPhoneSimulator.Build.0 = Release|iPhoneSimulator
		{0F6826AE-1DAD-4938-8CBA-D92DE732539A}.Debug|iPhone.ActiveCfg = Debug|iPhone
		{0F6826AE-1DAD-4938-8CBA-D92DE732539A}.Debug|iPhone.Build.0 = Debug|iPhone
		{DE954AFC-085D-41DA-A359-0AE9DE47A609}.Debug|Any CPU.ActiveCfg = Debug|Any CPU
		{DE954AFC-085D-41DA-A359-0AE9DE47A609}.Debug|Any CPU.Build.0 = Debug|Any CPU
		{DE954AFC-085D-41DA-A359-0AE9DE47A609}.Release|Any CPU.ActiveCfg = Release|Any CPU
		{DE954AFC-085D-41DA-A359-0AE9DE47A609}.Release|Any CPU.Build.0 = Release|Any CPU
		{DE954AFC-085D-41DA-A359-0AE9DE47A609}.Debug|iPhoneSimulator.ActiveCfg = Debug|Any CPU
		{DE954AFC-085D-41DA-A359-0AE9DE47A609}.Debug|iPhoneSimulator.Build.0 = Debug|Any CPU
		{DE954AFC-085D-41DA-A359-0AE9DE47A609}.Release|iPhone.ActiveCfg = Release|Any CPU
		{DE954AFC-085D-41DA-A359-0AE9DE47A609}.Release|iPhone.Build.0 = Release|Any CPU
		{DE954AFC-085D-41DA-A359-0AE9DE47A609}.Release|iPhoneSimulator.ActiveCfg = Release|Any CPU
		{DE954AFC-085D-41DA-A359-0AE9DE47A609}.Release|iPhoneSimulator.Build.0 = Release|Any CPU
		{DE954AFC-085D-41DA-A359-0AE9DE47A609}.Debug|iPhone.ActiveCfg = Debug|Any CPU
		{DE954AFC-085D-41DA-A359-0AE9DE47A609}.Debug|iPhone.Build.0 = Debug|Any CPU
	EndGlobalSection
EndGlobal
